
Microsoft Visual Studio Solution File, Format Version 12.00
# Visual Studio Version 17
VisualStudioVersion = 17.2.32630.192
MinimumVisualStudioVersion = 10.0.40219.1
Project("{FAE04EC0-301F-11D3-BF4B-00C04F79EFBC}") = "Schedule_Students", "Schedule_Students\Schedule_Students.csproj", "{87450306-5F2F-4E03-B88E-53E0BB772D51}"
EndProject
Global
	GlobalSection(SolutionConfigurationPlatforms) = preSolution
		Debug|Any CPU = Debug|Any CPU
		Release|Any CPU = Release|Any CPU
	EndGlobalSection
	GlobalSection(ProjectConfigurationPlatforms) = postSolution
		{87450306-5F2F-4E03-B88E-53E0BB772D51}.Debug|Any CPU.ActiveCfg = Debug|Any CPU
		{87450306-5F2F-4E03-B88E-53E0BB772D51}.Debug|Any CPU.Build.0 = Debug|Any CPU
		{87450306-5F2F-4E03-B88E-53E0BB772D51}.Release|Any CPU.ActiveCfg = Release|Any CPU
		{87450306-5F2F-4E03-B88E-53E0BB772D51}.Release|Any CPU.Build.0 = Release|Any CPU
	EndGlobalSection
	GlobalSection(SolutionProperties) = preSolution
		HideSolutionNode = FALSE
	EndGlobalSection
	GlobalSection(ExtensibilityGlobals) = postSolution
		SolutionGuid = {E1266AF8-431E-476A-BE5E-671CCDB6788F}
	EndGlobalSection
EndGlobal
