
Microsoft Visual Studio Solution File, Format Version 12.00
# Visual Studio Version 17
VisualStudioVersion = 17.2.32630.192
MinimumVisualStudioVersion = 10.0.40219.1
Project("{FAE04EC0-301F-11D3-BF4B-00C04F79EFBC}") = "Requests.cs", "Requests.cs\Requests.cs.csproj", "{6645663E-94BD-40FB-96BE-C398D17E1354}"
EndProject
Global
	GlobalSection(SolutionConfigurationPlatforms) = preSolution
		Debug|Any CPU = Debug|Any CPU
		Release|Any CPU = Release|Any CPU
	EndGlobalSection
	GlobalSection(ProjectConfigurationPlatforms) = postSolution
		{6645663E-94BD-40FB-96BE-C398D17E1354}.Debug|Any CPU.ActiveCfg = Debug|Any CPU
		{6645663E-94BD-40FB-96BE-C398D17E1354}.Debug|Any CPU.Build.0 = Debug|Any CPU
		{6645663E-94BD-40FB-96BE-C398D17E1354}.Release|Any CPU.ActiveCfg = Release|Any CPU
		{6645663E-94BD-40FB-96BE-C398D17E1354}.Release|Any CPU.Build.0 = Release|Any CPU
	EndGlobalSection
	GlobalSection(SolutionProperties) = preSolution
		HideSolutionNode = FALSE
	EndGlobalSection
	GlobalSection(ExtensibilityGlobals) = postSolution
		SolutionGuid = {CE709445-7535-4FDA-993C-3CD9A47012A3}
	EndGlobalSection
EndGlobal
